// !$*UTF8*$!
{
	archiveVersion = 1;
	classes = {
	};
	objectVersion = 46;
	objects = {

/* Begin PBXBuildFile section */
		149AF0A31E5ACF74000A141D /* AppDelegate.swift in Sources */ = {isa = PBXBuildFile; fileRef = 149AF0A21E5ACF74000A141D /* AppDelegate.swift */; };
		149AF0A51E5ACF74000A141D /* ViewController.swift in Sources */ = {isa = PBXBuildFile; fileRef = 149AF0A41E5ACF74000A141D /* ViewController.swift */; };
		149AF0A81E5ACF74000A141D /* Main.storyboard in Resources */ = {isa = PBXBuildFile; fileRef = 149AF0A61E5ACF74000A141D /* Main.storyboard */; };
		149AF0AA1E5ACF74000A141D /* Assets.xcassets in Resources */ = {isa = PBXBuildFile; fileRef = 149AF0A91E5ACF74000A141D /* Assets.xcassets */; };
		149AF0AD1E5ACF74000A141D /* LaunchScreen.storyboard in Resources */ = {isa = PBXBuildFile; fileRef = 149AF0AB1E5ACF74000A141D /* LaunchScreen.storyboard */; };
/* End PBXBuildFile section */

/* Begin PBXFileReference section */
		149AF09F1E5ACF74000A141D /* xkcd.app */ = {isa = PBXFileReference; explicitFileType = wrapper.application; includeInIndex = 0; path = xkcd.app; sourceTree = BUILT_PRODUCTS_DIR; };
		149AF0A21E5ACF74000A141D /* AppDelegate.swift */ = {isa = PBXFileReference; lastKnownFileType = sourcecode.swift; path = AppDelegate.swift; sourceTree = "<group>"; };
		149AF0A41E5ACF74000A141D /* ViewController.swift */ = {isa = PBXFileReference; lastKnownFileType = sourcecode.swift; path = ViewController.swift; sourceTree = "<group>"; };
		149AF0A71E5ACF74000A141D /* Base */ = {isa = PBXFileReference; lastKnownFileType = file.storyboard; name = Base; path = Base.lproj/Main.storyboard; sourceTree = "<group>"; };
		149AF0A91E5ACF74000A141D /* Assets.xcassets */ = {isa = PBXFileReference; lastKnownFileType = folder.assetcatalog; path = Assets.xcassets; sourceTree = "<group>"; };
		149AF0AC1E5ACF74000A141D /* Base */ = {isa = PBXFileReference; lastKnownFileType = file.storyboard; name = Base; path = Base.lproj/LaunchScreen.storyboard; sourceTree = "<group>"; };
		149AF0AE1E5ACF74000A141D /* Info.plist */ = {isa = PBXFileReference; lastKnownFileType = text.plist.xml; path = Info.plist; sourceTree = "<group>"; };
/* End PBXFileReference section */

/* Begin PBXFrameworksBuildPhase section */
		149AF09C1E5ACF74000A141D /* Frameworks */ = {
			isa = PBXFrameworksBuildPhase;
			buildActionMask = 2147483647;
			files = (
			);
			runOnlyForDeploymentPostprocessing = 0;
		};
/* End PBXFrameworksBuildPhase section */

/* Begin PBXGroup section */
		149AF0961E5ACF74000A141D = {
			isa = PBXGroup;
			children = (
				149AF0A11E5ACF74000A141D /* xkcd */,
				149AF0A01E5ACF74000A141D /* Products */,
			);
			sourceTree = "<group>";
		};
		149AF0A01E5ACF74000A141D /* Products */ = {
			isa = PBXGroup;
			children = (
				149AF09F1E5ACF74000A141D /* xkcd.app */,
			);
			name = Products;
			sourceTree = "<group>";
		};
		149AF0A11E5ACF74000A141D /* xkcd */ = {
			isa = PBXGroup;
			children = (
				149AF0A21E5ACF74000A141D /* AppDelegate.swift */,
				149AF0A41E5ACF74000A141D /* ViewController.swift */,
				149AF0A61E5ACF74000A141D /* Main.storyboard */,
				149AF0A91E5ACF74000A141D /* Assets.xcassets */,
				149AF0AB1E5ACF74000A141D /* LaunchScreen.storyboard */,
				149AF0AE1E5ACF74000A141D /* Info.plist */,
			);
			path = xkcd;
			sourceTree = "<group>";
		};
/* End PBXGroup section */

/* Begin PBXNativeTarget section */
		149AF09E1E5ACF74000A141D /* xkcd */ = {
			isa = PBXNativeTarget;
			buildConfigurationList = 149AF0B11E5ACF74000A141D /* Build configuration list for PBXNativeTarget "xkcd" */;
			buildPhases = (
				149AF09B1E5ACF74000A141D /* Sources */,
				149AF09C1E5ACF74000A141D /* Frameworks */,
				149AF09D1E5ACF74000A141D /* Resources */,
			);
			buildRules = (
			);
			dependencies = (
			);
			name = xkcd;
			productName = xkcd;
			productReference = 149AF09F1E5ACF74000A141D /* xkcd.app */;
			productType = "com.apple.product-type.application";
		};
/* End PBXNativeTarget section */

/* Begin PBXProject section */
		149AF0971E5ACF74000A141D /* Project object */ = {
			isa = PBXProject;
			attributes = {
				LastSwiftUpdateCheck = 0810;
				LastUpgradeCheck = 0810;
				ORGANIZATIONNAME = "株式会社ガラパゴス";
				TargetAttributes = {
					149AF09E1E5ACF74000A141D = {
						CreatedOnToolsVersion = 8.1;
						ProvisioningStyle = Automatic;
					};
				};
			};
			buildConfigurationList = 149AF09A1E5ACF74000A141D /* Build configuration list for PBXProject "xkcd" */;
			compatibilityVersion = "Xcode 3.2";
			developmentRegion = English;
			hasScannedForEncodings = 0;
			knownRegions = (
				en,
				Base,
			);
			mainGroup = 149AF0961E5ACF74000A141D;
			productRefGroup = 149AF0A01E5ACF74000A141D /* Products */;
			projectDirPath = "";
			projectRoot = "";
			targets = (
				149AF09E1E5ACF74000A141D /* xkcd */,
			);
		};
/* End PBXProject section */

/* Begin PBXResourcesBuildPhase section */
		149AF09D1E5ACF74000A141D /* Resources */ = {
			isa = PBXResourcesBuildPhase;
			buildActionMask = 2147483647;
			files = (
				149AF0AD1E5ACF74000A141D /* LaunchScreen.storyboard in Resources */,
				149AF0AA1E5ACF74000A141D /* Assets.xcassets in Resources */,
				149AF0A81E5ACF74000A141D /* Main.storyboard in Resources */,
			);
			runOnlyForDeploymentPostprocessing = 0;
		};
/* End PBXResourcesBuildPhase section */

/* Begin PBXSourcesBuildPhase section */
		149AF09B1E5ACF74000A141D /* Sources */ = {
			isa = PBXSourcesBuildPhase;
			buildActionMask = 2147483647;
			files = (
				149AF0A51E5ACF74000A141D /* ViewController.swift in Sources */,
				149AF0A31E5ACF74000A141D /* AppDelegate.swift in Sources */,
			);
			runOnlyForDeploymentPostprocessing = 0;
		};
/* End PBXSourcesBuildPhase section */

/* Begin PBXVariantGroup section */
		149AF0A61E5ACF74000A141D /* Main.storyboard */ = {
			isa = PBXVariantGroup;
			children = (
				149AF0A71E5ACF74000A141D /* Base */,
			);
			name = Main.storyboard;
			sourceTree = "<group>";
		};
		149AF0AB1E5ACF74000A141D /* LaunchScreen.storyboard */ = {
			isa = PBXVariantGroup;
			children = (
				149AF0AC1E5ACF74000A141D /* Base */,
			);
			name = LaunchScreen.storyboard;
			sourceTree = "<group>";
		};
/* End PBXVariantGroup section */

/* Begin XCBuildConfiguration section */
		149AF0AF1E5ACF74000A141D /* Debug */ = {
			isa = XCBuildConfiguration;
			buildSettings = {
				ALWAYS_SEARCH_USER_PATHS = NO;
				CLANG_ANALYZER_NONNULL = YES;
				CLANG_CXX_LANGUAGE_STANDARD = "gnu++0x";
				CLANG_CXX_LIBRARY = "libc++";
				CLANG_ENABLE_MODULES = YES;
				CLANG_ENABLE_OBJC_ARC = YES;
				CLANG_WARN_BOOL_CONVERSION = YES;
				CLANG_WARN_CONSTANT_CONVERSION = YES;
				CLANG_WARN_DIRECT_OBJC_ISA_USAGE = YES_ERROR;
				CLANG_WARN_DOCUMENTATION_COMMENTS = YES;
				CLANG_WARN_EMPTY_BODY = YES;
				CLANG_WARN_ENUM_CONVERSION = YES;
				CLANG_WARN_INFINITE_RECURSION = YES;
				CLANG_WARN_INT_CONVERSION = YES;
				CLANG_WARN_OBJC_ROOT_CLASS = YES_ERROR;
				CLANG_WARN_SUSPICIOUS_MOVES = YES;
				CLANG_WARN_UNREACHABLE_CODE = YES;
				CLANG_WARN__DUPLICATE_METHOD_MATCH = YES;
				"CODE_SIGN_IDENTITY[sdk=iphoneos*]" = "iPhone Developer";
				COPY_PHASE_STRIP = NO;
				DEBUG_INFORMATION_FORMAT = dwarf;
				ENABLE_STRICT_OBJC_MSGSEND = YES;
				ENABLE_TESTABILITY = YES;
				GCC_C_LANGUAGE_STANDARD = gnu99;
				GCC_DYNAMIC_NO_PIC = NO;
				GCC_NO_COMMON_BLOCKS = YES;
				GCC_OPTIMIZATION_LEVEL = 0;
				GCC_PREPROCESSOR_DEFINITIONS = (
					"DEBUG=1",
					"$(inherited)",
				);
				GCC_WARN_64_TO_32_BIT_CONVERSION = YES;
				GCC_WARN_ABOUT_RETURN_TYPE = YES_ERROR;
				GCC_WARN_UNDECLARED_SELECTOR = YES;
				GCC_WARN_UNINITIALIZED_AUTOS = YES_AGGRESSIVE;
				GCC_WARN_UNUSED_FUNCTION = YES;
				GCC_WARN_UNUSED_VARIABLE = YES;
				IPHONEOS_DEPLOYMENT_TARGET = 10.1;
				MTL_ENABLE_DEBUG_INFO = YES;
				ONLY_ACTIVE_ARCH = YES;
				SDKROOT = iphoneos;
				SWIFT_ACTIVE_COMPILATION_CONDITIONS = DEBUG;
				SWIFT_OPTIMIZATION_LEVEL = "-Onone";
			};
			name = Debug;
		};
		149AF0B01E5ACF74000A141D /* Release */ = {
			isa = XCBuildConfiguration;
			buildSettings = {
				ALWAYS_SEARCH_USER_PATHS = NO;
				CLANG_ANALYZER_NONNULL = YES;
				CLANG_CXX_LANGUAGE_STANDARD = "gnu++0x";
				CLANG_CXX_LIBRARY = "libc++";
				CLANG_ENABLE_MODULES = YES;
				CLANG_ENABLE_OBJC_ARC = YES;
				CLANG_WARN_BOOL_CONVERSION = YES;
				CLANG_WARN_CONSTANT_CONVERSION = YES;
				CLANG_WARN_DIRECT_OBJC_ISA_USAGE = YES_ERROR;
				CLANG_WARN_DOCUMENTATION_COMMENTS = YES;
				CLANG_WARN_EMPTY_BODY = YES;
				CLANG_WARN_ENUM_CONVERSION = YES;
				CLANG_WARN_INFINITE_RECURSION = YES;
				CLANG_WARN_INT_CONVERSION = YES;
				CLANG_WARN_OBJC_ROOT_CLASS = YES_ERROR;
				CLANG_WARN_SUSPICIOUS_MOVES = YES;
				CLANG_WARN_UNREACHABLE_CODE = YES;
				CLANG_WARN__DUPLICATE_METHOD_MATCH = YES;
				"CODE_SIGN_IDENTITY[sdk=iphoneos*]" = "iPhone Developer";
				COPY_PHASE_STRIP = NO;
				DEBUG_INFORMATION_FORMAT = "dwarf-with-dsym";
				ENABLE_NS_ASSERTIONS = NO;
				ENABLE_STRICT_OBJC_MSGSEND = YES;
				GCC_C_LANGUAGE_STANDARD = gnu99;
				GCC_NO_COMMON_BLOCKS = YES;
				GCC_WARN_64_TO_32_BIT_CONVERSION = YES;
				GCC_WARN_ABOUT_RETURN_TYPE = YES_ERROR;
				GCC_WARN_UNDECLARED_SELECTOR = YES;
				GCC_WARN_UNINITIALIZED_AUTOS = YES_AGGRESSIVE;
				GCC_WARN_UNUSED_FUNCTION = YES;
				GCC_WARN_UNUSED_VARIABLE = YES;
				IPHONEOS_DEPLOYMENT_TARGET = 10.1;
				MTL_ENABLE_DEBUG_INFO = NO;
				SDKROOT = iphoneos;
				SWIFT_OPTIMIZATION_LEVEL = "-Owholemodule";
				VALIDATE_PRODUCT = YES;
			};
			name = Release;
		};
		149AF0B21E5ACF74000A141D /* Debug */ = {
			isa = XCBuildConfiguration;
			buildSettings = {
				ASSETCATALOG_COMPILER_APPICON_NAME = AppIcon;
				INFOPLIST_FILE = xkcd/Info.plist;
				LD_RUNPATH_SEARCH_PATHS = "$(inherited) @executable_path/Frameworks";
				PRODUCT_BUNDLE_IDENTIFIER = "com.glpgs-dev.xkcd";
				PRODUCT_NAME = "$(TARGET_NAME)";
				SWIFT_VERSION = 3.0;
			};
			name = Debug;
		};
		149AF0B31E5ACF74000A141D /* Release */ = {
			isa = XCBuildConfiguration;
			buildSettings = {
				ASSETCATALOG_COMPILER_APPICON_NAME = AppIcon;
				INFOPLIST_FILE = xkcd/Info.plist;
				LD_RUNPATH_SEARCH_PATHS = "$(inherited) @executable_path/Frameworks";
				PRODUCT_BUNDLE_IDENTIFIER = "com.glpgs-dev.xkcd";
				PRODUCT_NAME = "$(TARGET_NAME)";
				SWIFT_VERSION = 3.0;
			};
			name = Release;
		};
/* End XCBuildConfiguration section */

/* Begin XCConfigurationList section */
		149AF09A1E5ACF74000A141D /* Build configuration list for PBXProject "xkcd" */ = {
			isa = XCConfigurationList;
			buildConfigurations = (
				149AF0AF1E5ACF74000A141D /* Debug */,
				149AF0B01E5ACF74000A141D /* Release */,
			);
			defaultConfigurationIsVisible = 0;
			defaultConfigurationName = Release;
		};
		149AF0B11E5ACF74000A141D /* Build configuration list for PBXNativeTarget "xkcd" */ = {
			isa = XCConfigurationList;
			buildConfigurations = (
				149AF0B21E5ACF74000A141D /* Debug */,
				149AF0B31E5ACF74000A141D /* Release */,
			);
			defaultConfigurationIsVisible = 0;
		};
/* End XCConfigurationList section */
	};
	rootObject = 149AF0971E5ACF74000A141D /* Project object */;
}
